
Microsoft Visual Studio Solution File, Format Version 12.00
# Visual Studio Version 17
VisualStudioVersion = 17.0.31919.166
MinimumVisualStudioVersion = 10.0.40219.1
Project("{9A19103F-16F7-4668-BE54-9A1E7A4F7556}") = "Profile.WebApi", "src\Profile.WebApi\Profile.WebApi.csproj", "{90B1B68C-C8A6-439F-94AC-72EF5431DC17}"
EndProject
Project("{9A19103F-16F7-4668-BE54-9A1E7A4F7556}") = "Profile.Core", "src\Profile.Core\Profile.Core.csproj", "{F18DDDA5-250C-4263-807B-D5D158320A9E}"
EndProject
Project("{2150E333-8FDC-42A3-9474-1A3956D46DE8}") = "Solution Items", "Solution Items", "{D80CB560-5BB9-4FC9-BBC7-1FFE469CEA5F}"
	ProjectSection(SolutionItems) = preProject
		.editorconfig = .editorconfig
		.gitignore = .gitignore
		global.json = global.json
	EndProjectSection
EndProject
Project("{9A19103F-16F7-4668-BE54-9A1E7A4F7556}") = "Profile.WebApi.Tests", "tests\Profile.WebApi.Tests\Profile.WebApi.Tests.csproj", "{0AC9BD20-4DA4-4969-96DE-D6B041B52662}"
EndProject
Project("{2150E333-8FDC-42A3-9474-1A3956D46DE8}") = "src", "src", "{175539B8-6F11-4BA5-95F4-A85602D1C9E5}"
EndProject
Project("{2150E333-8FDC-42A3-9474-1A3956D46DE8}") = "tests", "tests", "{98576980-5A69-481B-918D-33B65820EE13}"
EndProject
Project("{9A19103F-16F7-4668-BE54-9A1E7A4F7556}") = "Profile.Infrastructure", "src\Profile.Infrastructure\Profile.Infrastructure.csproj", "{68C91F59-FA96-49D2-AB17-3888C177638E}"
EndProject
Project("{9A19103F-16F7-4668-BE54-9A1E7A4F7556}") = "Profile.Migrator", "src\Profile.Migrator\Profile.Migrator.csproj", "{6455E0CA-7482-48F4-8E18-9E520AB7797D}"
EndProject
Project("{9A19103F-16F7-4668-BE54-9A1E7A4F7556}") = "Profile.Tests", "tests\Profile.Tests\Profile.Tests.csproj", "{4F0AA2C9-A046-452F-A7A9-6DF8A1141B96}"
EndProject
Project("{9A19103F-16F7-4668-BE54-9A1E7A4F7556}") = "Profile.Adapters", "src\Profile.Adapters\Profile.Adapters.csproj", "{E4059BF2-AF9C-4559-B8EC-56CF22ABC3A7}"
EndProject
Global
	GlobalSection(SolutionConfigurationPlatforms) = preSolution
		Debug|Any CPU = Debug|Any CPU
		Release|Any CPU = Release|Any CPU
	EndGlobalSection
	GlobalSection(ProjectConfigurationPlatforms) = postSolution
		{90B1B68C-C8A6-439F-94AC-72EF5431DC17}.Debug|Any CPU.ActiveCfg = Debug|Any CPU
		{90B1B68C-C8A6-439F-94AC-72EF5431DC17}.Debug|Any CPU.Build.0 = Debug|Any CPU
		{90B1B68C-C8A6-439F-94AC-72EF5431DC17}.Release|Any CPU.ActiveCfg = Release|Any CPU
		{90B1B68C-C8A6-439F-94AC-72EF5431DC17}.Release|Any CPU.Build.0 = Release|Any CPU
		{F18DDDA5-250C-4263-807B-D5D158320A9E}.Debug|Any CPU.ActiveCfg = Debug|Any CPU
		{F18DDDA5-250C-4263-807B-D5D158320A9E}.Debug|Any CPU.Build.0 = Debug|Any CPU
		{F18DDDA5-250C-4263-807B-D5D158320A9E}.Release|Any CPU.ActiveCfg = Release|Any CPU
		{F18DDDA5-250C-4263-807B-D5D158320A9E}.Release|Any CPU.Build.0 = Release|Any CPU
		{0AC9BD20-4DA4-4969-96DE-D6B041B52662}.Debug|Any CPU.ActiveCfg = Debug|Any CPU
		{0AC9BD20-4DA4-4969-96DE-D6B041B52662}.Debug|Any CPU.Build.0 = Debug|Any CPU
		{0AC9BD20-4DA4-4969-96DE-D6B041B52662}.Release|Any CPU.ActiveCfg = Release|Any CPU
		{0AC9BD20-4DA4-4969-96DE-D6B041B52662}.Release|Any CPU.Build.0 = Release|Any CPU
		{68C91F59-FA96-49D2-AB17-3888C177638E}.Debug|Any CPU.ActiveCfg = Debug|Any CPU
		{68C91F59-FA96-49D2-AB17-3888C177638E}.Debug|Any CPU.Build.0 = Debug|Any CPU
		{68C91F59-FA96-49D2-AB17-3888C177638E}.Release|Any CPU.ActiveCfg = Release|Any CPU
		{68C91F59-FA96-49D2-AB17-3888C177638E}.Release|Any CPU.Build.0 = Release|Any CPU
		{6455E0CA-7482-48F4-8E18-9E520AB7797D}.Debug|Any CPU.ActiveCfg = Debug|Any CPU
		{6455E0CA-7482-48F4-8E18-9E520AB7797D}.Debug|Any CPU.Build.0 = Debug|Any CPU
		{6455E0CA-7482-48F4-8E18-9E520AB7797D}.Release|Any CPU.ActiveCfg = Release|Any CPU
		{6455E0CA-7482-48F4-8E18-9E520AB7797D}.Release|Any CPU.Build.0 = Release|Any CPU
		{4F0AA2C9-A046-452F-A7A9-6DF8A1141B96}.Debug|Any CPU.ActiveCfg = Debug|Any CPU
		{4F0AA2C9-A046-452F-A7A9-6DF8A1141B96}.Debug|Any CPU.Build.0 = Debug|Any CPU
		{4F0AA2C9-A046-452F-A7A9-6DF8A1141B96}.Release|Any CPU.ActiveCfg = Release|Any CPU
		{4F0AA2C9-A046-452F-A7A9-6DF8A1141B96}.Release|Any CPU.Build.0 = Release|Any CPU
		{E4059BF2-AF9C-4559-B8EC-56CF22ABC3A7}.Debug|Any CPU.ActiveCfg = Debug|Any CPU
		{E4059BF2-AF9C-4559-B8EC-56CF22ABC3A7}.Debug|Any CPU.Build.0 = Debug|Any CPU
		{E4059BF2-AF9C-4559-B8EC-56CF22ABC3A7}.Release|Any CPU.ActiveCfg = Release|Any CPU
		{E4059BF2-AF9C-4559-B8EC-56CF22ABC3A7}.Release|Any CPU.Build.0 = Release|Any CPU
	EndGlobalSection
	GlobalSection(SolutionProperties) = preSolution
		HideSolutionNode = FALSE
	EndGlobalSection
	GlobalSection(NestedProjects) = preSolution
		{90B1B68C-C8A6-439F-94AC-72EF5431DC17} = {175539B8-6F11-4BA5-95F4-A85602D1C9E5}
		{F18DDDA5-250C-4263-807B-D5D158320A9E} = {175539B8-6F11-4BA5-95F4-A85602D1C9E5}
		{0AC9BD20-4DA4-4969-96DE-D6B041B52662} = {98576980-5A69-481B-918D-33B65820EE13}
		{68C91F59-FA96-49D2-AB17-3888C177638E} = {175539B8-6F11-4BA5-95F4-A85602D1C9E5}
		{6455E0CA-7482-48F4-8E18-9E520AB7797D} = {175539B8-6F11-4BA5-95F4-A85602D1C9E5}
		{4F0AA2C9-A046-452F-A7A9-6DF8A1141B96} = {98576980-5A69-481B-918D-33B65820EE13}
		{E4059BF2-AF9C-4559-B8EC-56CF22ABC3A7} = {175539B8-6F11-4BA5-95F4-A85602D1C9E5}
	EndGlobalSection
	GlobalSection(ExtensibilityGlobals) = postSolution
		SolutionGuid = {567C4455-53BD-4DF4-A07E-CAA053B6B306}
	EndGlobalSection
EndGlobal
